github.com/manifoldco/go-base64 v1.0.3 h1:cKnyd39OvI2bGzslPxP8pvnJ+SmThhC4sNKm9a2fT8U=
github.com/manifoldco/go-base64 v1.0.3/go.mod h1:nA1lnhHBeim4XixFn1cOFoACJkuNpVLagw4qUKE7H8s=
golang.org/x/crypto v0.0.0-20181112202954-3d3f9f413869 h1:kkXA53yGe04D0adEYJwEVQjeBppL01Exg+fnMjfUraU=
golang.org/x/crypto v0.0.0-20181112202954-3d3f9f413869/go.mod h1:6SG95UA2DQfeDnfUPMdvaQW0Q7yPrPDi9nlGo2tz2b4=
